
Microsoft Visual Studio Solution File, Format Version 12.00
# Visual Studio Version 17
VisualStudioVersion = 17.3.32901.215
MinimumVisualStudioVersion = 10.0.40219.1
Project("{FAE04EC0-301F-11D3-BF4B-00C04F79EFBC}") = "P620223_JuanJoseChacon", "P620223_JuanJoseChacon\P620223_JuanJoseChacon.csproj", "{AB2AD4FE-7872-4B7A-A907-B7179B5451C5}"
EndProject
Project("{FAE04EC0-301F-11D3-BF4B-00C04F79EFBC}") = "Logica", "..\Logica\Logica\Logica.csproj", "{CE17A138-2004-4E5F-8D03-1B6B936D4362}"
EndProject
Global
	GlobalSection(SolutionConfigurationPlatforms) = preSolution
		Debug|Any CPU = Debug|Any CPU
		Release|Any CPU = Release|Any CPU
	EndGlobalSection
	GlobalSection(ProjectConfigurationPlatforms) = postSolution
		{AB2AD4FE-7872-4B7A-A907-B7179B5451C5}.Debug|Any CPU.ActiveCfg = Debug|Any CPU
		{AB2AD4FE-7872-4B7A-A907-B7179B5451C5}.Debug|Any CPU.Build.0 = Debug|Any CPU
		{AB2AD4FE-7872-4B7A-A907-B7179B5451C5}.Release|Any CPU.ActiveCfg = Release|Any CPU
		{AB2AD4FE-7872-4B7A-A907-B7179B5451C5}.Release|Any CPU.Build.0 = Release|Any CPU
		{CE17A138-2004-4E5F-8D03-1B6B936D4362}.Debug|Any CPU.ActiveCfg = Debug|Any CPU
		{CE17A138-2004-4E5F-8D03-1B6B936D4362}.Debug|Any CPU.Build.0 = Debug|Any CPU
		{CE17A138-2004-4E5F-8D03-1B6B936D4362}.Release|Any CPU.ActiveCfg = Release|Any CPU
		{CE17A138-2004-4E5F-8D03-1B6B936D4362}.Release|Any CPU.Build.0 = Release|Any CPU
	EndGlobalSection
	GlobalSection(SolutionProperties) = preSolution
		HideSolutionNode = FALSE
	EndGlobalSection
	GlobalSection(ExtensibilityGlobals) = postSolution
		SolutionGuid = {66396FE3-411C-4BCA-84AB-137B0523B0EE}
	EndGlobalSection
EndGlobal
